<?xml version="1.0" encoding="UTF-8" standalone="yes" ?>
<CodeBlocks_project_file>
	<FileVersion major="1" minor="6" />
	<Project>
		<Option title="zajecia5" />
		<Option pch_mode="2" />
		<Option compiler="gcc" />
		<Build>
			<Target title="Debug">
				<Option output="bin/Debug/zajecia5" prefix_auto="1" extension_auto="1" />
				<Option object_output="obj/Debug/" />
				<Option type="1" />
				<Option compiler="gcc" />
				<Compiler>
					<Add option="-g" />
					<Add directory="include" />
				</Compiler>
			</Target>
			<Target title="Release">
				<Option output="bin/Release/zajecia5" prefix_auto="1" extension_auto="1" />
				<Option object_output="obj/Release/" />
				<Option type="1" />
				<Option compiler="gcc" />
				<Compiler>
					<Add option="-O2" />
					<Add directory="include" />
				</Compiler>
				<Linker>
					<Add option="-s" />
				</Linker>
			</Target>
		</Build>
		<Compiler>
			<Add option="-Wall" />
			<Add option="-fexceptions" />
		</Compiler>
		<Unit filename="include/AnalizatorSygnalu.h" />
		<Unit filename="include/SygnalLoader.h" />
		<Unit filename="include/SygnalLoader.hpp" />
		<Unit filename="include/analizatorsygnalu.hpp" />
		<Unit filename="include/probka.h" />
		<Unit filename="include/probka.hpp" />
		<Unit filename="include/sygnal.hpp" />
		<Unit filename="main.cpp" />
		<Unit filename="src/AnalizatorSygnalu.cpp" />
		<Unit filename="src/SygnalLoader.cpp" />
		<Unit filename="src/analizatorsygnalu.cpp" />
		<Unit filename="src/probka.cpp" />
		<Unit filename="src/sygnal.cpp" />
		<Extensions>
			<code_completion />
			<envvars />
			<debugger />
			<lib_finder disable_auto="1" />
		</Extensions>
	</Project>
</CodeBlocks_project_file>
